
Microsoft Visual Studio Solution File, Format Version 12.00
# Visual Studio 15
VisualStudioVersion = 15.0.28307.572
MinimumVisualStudioVersion = 10.0.40219.1
Project("{FAE04EC0-301F-11D3-BF4B-00C04F79EFBC}") = "MvcAuth", "MvcAuth\MvcAuth.csproj", "{C0F6DEEF-315D-4B5C-A92C-C0E4DDCC1457}"
EndProject
Global
	GlobalSection(SolutionConfigurationPlatforms) = preSolution
		Debug|Any CPU = Debug|Any CPU
		Release|Any CPU = Release|Any CPU
	EndGlobalSection
	GlobalSection(ProjectConfigurationPlatforms) = postSolution
		{C0F6DEEF-315D-4B5C-A92C-C0E4DDCC1457}.Debug|Any CPU.ActiveCfg = Debug|Any CPU
		{C0F6DEEF-315D-4B5C-A92C-C0E4DDCC1457}.Debug|Any CPU.Build.0 = Debug|Any CPU
		{C0F6DEEF-315D-4B5C-A92C-C0E4DDCC1457}.Release|Any CPU.ActiveCfg = Release|Any CPU
		{C0F6DEEF-315D-4B5C-A92C-C0E4DDCC1457}.Release|Any CPU.Build.0 = Release|Any CPU
	EndGlobalSection
	GlobalSection(SolutionProperties) = preSolution
		HideSolutionNode = FALSE
	EndGlobalSection
	GlobalSection(ExtensibilityGlobals) = postSolution
		SolutionGuid = {FEEBFF45-26AA-40D7-80BA-18C3E72DB8B4}
	EndGlobalSection
EndGlobal
